<?xml version="1.0" encoding="utf-8"?>
<Project ToolsVersion="4.0" xmlns="http://schemas.microsoft.com/developer/msbuild/2003">
  <ItemGroup>
    <ClCompile Include="Main.cpp" />
    <ClCompile Include="AutoWSA.cpp">
      <Filter>Network</Filter>
    </ClCompile>
    <ClCompile Include="IPAddress.cpp">
      <Filter>Network</Filter>
    </ClCompile>
    <ClCompile Include="FileStream.cpp">
      <Filter>Stream</Filter>
    </ClCompile>
    <ClCompile Include="SocketStream.cpp">
      <Filter>Stream</Filter>
    </ClCompile>
    <ClCompile Include="BufferUtils.cpp">
      <Filter>Common</Filter>
    </ClCompile>
    <ClCompile Include="AESWrapper.cpp">
      <Filter>CryptoWrappers</Filter>
    </ClCompile>
    <ClCompile Include="Base64Wrapper.cpp">
      <Filter>CryptoWrappers</Filter>
    </ClCompile>
    <ClCompile Include="RSAWrapper.cpp">
      <Filter>CryptoWrappers</Filter>
    </ClCompile>
  </ItemGroup>
  <ItemGroup>
    <Filter Include="Network">
      <UniqueIdentifier>{a5a65ed7-760b-4171-bfbd-ffa7380cea58}</UniqueIdentifier>
    </Filter>
    <Filter Include="Stream">
      <UniqueIdentifier>{a9c1e584-87f2-4c9e-b93d-29aa234b8bc3}</UniqueIdentifier>
    </Filter>
    <Filter Include="Common">
      <UniqueIdentifier>{b468b3b7-f90f-48b5-bc6c-c2632d3e103a}</UniqueIdentifier>
    </Filter>
    <Filter Include="CryptoWrappers">
      <UniqueIdentifier>{19f7e10b-2b84-4b46-a15b-1fa36ff058ea}</UniqueIdentifier>
    </Filter>
  </ItemGroup>
  <ItemGroup>
    <ClInclude Include="AutoWSA.h">
      <Filter>Network</Filter>
    </ClInclude>
    <ClInclude Include="IPAddress.h">
      <Filter>Network</Filter>
    </ClInclude>
    <ClInclude Include="FileStream.h">
      <Filter>Stream</Filter>
    </ClInclude>
    <ClInclude Include="SocketStream.h">
      <Filter>Stream</Filter>
    </ClInclude>
    <ClInclude Include="Stream.h">
      <Filter>Stream</Filter>
    </ClInclude>
    <ClInclude Include="BufferUtils.h">
      <Filter>Common</Filter>
    </ClInclude>
    <ClInclude Include="Common.h">
      <Filter>Common</Filter>
    </ClInclude>
    <ClInclude Include="AESWrapper.h">
      <Filter>CryptoWrappers</Filter>
    </ClInclude>
    <ClInclude Include="Base64Wrapper.h">
      <Filter>CryptoWrappers</Filter>
    </ClInclude>
    <ClInclude Include="RSAWrapper.h">
      <Filter>CryptoWrappers</Filter>
    </ClInclude>
  </ItemGroup>
</Project>