<?xml version="1.0" encoding="utf-8"?>
<Project ToolsVersion="4.0" xmlns="http://schemas.microsoft.com/developer/msbuild/2003">
  <ItemGroup>
    <ClCompile Include="Main.cpp" />
    <ClCompile Include="AutoWSA.cpp">
      <Filter>Network</Filter>
    </ClCompile>
    <ClCompile Include="IPAddress.cpp">
      <Filter>Network</Filter>
    </ClCompile>
    <ClCompile Include="SocketStream.cpp">
      <Filter>Stream</Filter>
    </ClCompile>
    <ClCompile Include="AESWrapper.cpp">
      <Filter>CryptoWrappers</Filter>
    </ClCompile>
    <ClCompile Include="Base64Wrapper.cpp">
      <Filter>CryptoWrappers</Filter>
    </ClCompile>
    <ClCompile Include="RSAWrapper.cpp">
      <Filter>CryptoWrappers</Filter>
    </ClCompile>
    <ClCompile Include="Client.cpp">
      <Filter>Client</Filter>
    </ClCompile>
    <ClCompile Include="Serializer.cpp">
      <Filter>Serializer</Filter>
    </ClCompile>
    <ClCompile Include="HexWrapper.cpp">
      <Filter>CryptoWrappers</Filter>
    </ClCompile>
    <ClCompile Include="StringUtils.cpp">
      <Filter>Utils</Filter>
    </ClCompile>
    <ClCompile Include="ProtocolUtils.cpp">
      <Filter>Utils</Filter>
    </ClCompile>
    <ClCompile Include="MessageUMenu.cpp">
      <Filter>Menu</Filter>
    </ClCompile>
    <ClCompile Include="Deserializer.cpp">
      <Filter>Serializer</Filter>
    </ClCompile>
    <ClCompile Include="Response.cpp">
      <Filter>Response</Filter>
    </ClCompile>
    <ClCompile Include="RegisterResponse.cpp">
      <Filter>Response</Filter>
    </ClCompile>
    <ClCompile Include="ClientsListResponse.cpp">
      <Filter>Response</Filter>
    </ClCompile>
    <ClCompile Include="GetPublicKeyResponse.cpp">
      <Filter>Response</Filter>
    </ClCompile>
    <ClCompile Include="GetWaitingMessagesResponse.cpp">
      <Filter>Response</Filter>
    </ClCompile>
    <ClCompile Include="ClientsList.cpp">
      <Filter>ClientsList</Filter>
    </ClCompile>
    <ClCompile Include="SendMessageResponse.cpp">
      <Filter>Response</Filter>
    </ClCompile>
    <ClCompile Include="Request.cpp">
      <Filter>Request</Filter>
    </ClCompile>
    <ClCompile Include="SendMessageRequest.cpp">
      <Filter>Request</Filter>
    </ClCompile>
  </ItemGroup>
  <ItemGroup>
    <Filter Include="Network">
      <UniqueIdentifier>{a5a65ed7-760b-4171-bfbd-ffa7380cea58}</UniqueIdentifier>
    </Filter>
    <Filter Include="Stream">
      <UniqueIdentifier>{a9c1e584-87f2-4c9e-b93d-29aa234b8bc3}</UniqueIdentifier>
    </Filter>
    <Filter Include="Common">
      <UniqueIdentifier>{b468b3b7-f90f-48b5-bc6c-c2632d3e103a}</UniqueIdentifier>
    </Filter>
    <Filter Include="CryptoWrappers">
      <UniqueIdentifier>{19f7e10b-2b84-4b46-a15b-1fa36ff058ea}</UniqueIdentifier>
    </Filter>
    <Filter Include="Client">
      <UniqueIdentifier>{478df615-dfd2-4beb-a057-cf081f23f25c}</UniqueIdentifier>
    </Filter>
    <Filter Include="Serializer">
      <UniqueIdentifier>{77ab131f-f073-408d-8199-785242dd75b8}</UniqueIdentifier>
    </Filter>
    <Filter Include="Utils">
      <UniqueIdentifier>{51a8264d-1a34-4a78-af52-3699e47666e9}</UniqueIdentifier>
    </Filter>
    <Filter Include="Menu">
      <UniqueIdentifier>{08aea7d3-4d78-4867-8900-291e50657cc4}</UniqueIdentifier>
    </Filter>
    <Filter Include="Response">
      <UniqueIdentifier>{d0eb0d19-d3e7-4c4f-bf7a-69ba919368d4}</UniqueIdentifier>
    </Filter>
    <Filter Include="ClientsList">
      <UniqueIdentifier>{464fdf01-2e7b-4f07-88af-ee1d5df5f2f7}</UniqueIdentifier>
    </Filter>
    <Filter Include="Request">
      <UniqueIdentifier>{cab2cfe6-ec71-4b6b-becc-c4678c6479d9}</UniqueIdentifier>
    </Filter>
  </ItemGroup>
  <ItemGroup>
    <ClInclude Include="AutoWSA.h">
      <Filter>Network</Filter>
    </ClInclude>
    <ClInclude Include="IPAddress.h">
      <Filter>Network</Filter>
    </ClInclude>
    <ClInclude Include="SocketStream.h">
      <Filter>Stream</Filter>
    </ClInclude>
    <ClInclude Include="Stream.h">
      <Filter>Stream</Filter>
    </ClInclude>
    <ClInclude Include="Common.h">
      <Filter>Common</Filter>
    </ClInclude>
    <ClInclude Include="AESWrapper.h">
      <Filter>CryptoWrappers</Filter>
    </ClInclude>
    <ClInclude Include="Base64Wrapper.h">
      <Filter>CryptoWrappers</Filter>
    </ClInclude>
    <ClInclude Include="RSAWrapper.h">
      <Filter>CryptoWrappers</Filter>
    </ClInclude>
    <ClInclude Include="Client.h">
      <Filter>Client</Filter>
    </ClInclude>
    <ClInclude Include="Serializer.h">
      <Filter>Serializer</Filter>
    </ClInclude>
    <ClInclude Include="HexWrapper.h">
      <Filter>CryptoWrappers</Filter>
    </ClInclude>
    <ClInclude Include="StringUtils.h">
      <Filter>Utils</Filter>
    </ClInclude>
    <ClInclude Include="ProtocolUtils.h">
      <Filter>Utils</Filter>
    </ClInclude>
    <ClInclude Include="MessageUMenu.h">
      <Filter>Menu</Filter>
    </ClInclude>
    <ClInclude Include="Types.h">
      <Filter>Common</Filter>
    </ClInclude>
    <ClInclude Include="ProtocolCommon.h">
      <Filter>Common</Filter>
    </ClInclude>
    <ClInclude Include="Exceptions.h">
      <Filter>Common</Filter>
    </ClInclude>
    <ClInclude Include="Deserializer.h">
      <Filter>Serializer</Filter>
    </ClInclude>
    <ClInclude Include="Response.h">
      <Filter>Response</Filter>
    </ClInclude>
    <ClInclude Include="RegisterResponse.h">
      <Filter>Response</Filter>
    </ClInclude>
    <ClInclude Include="ClientsListResponse.h">
      <Filter>Response</Filter>
    </ClInclude>
    <ClInclude Include="GetPublicKeyResponse.h">
      <Filter>Response</Filter>
    </ClInclude>
    <ClInclude Include="GetWaitingMessagesResponse.h">
      <Filter>Response</Filter>
    </ClInclude>
    <ClInclude Include="ClientsList.h">
      <Filter>ClientsList</Filter>
    </ClInclude>
    <ClInclude Include="SendMessageResponse.h">
      <Filter>Response</Filter>
    </ClInclude>
    <ClInclude Include="Request.h">
      <Filter>Request</Filter>
    </ClInclude>
    <ClInclude Include="GetClientsListRequest.h">
      <Filter>Request</Filter>
    </ClInclude>
    <ClInclude Include="GetPublicKeyRequest.h">
      <Filter>Request</Filter>
    </ClInclude>
    <ClInclude Include="GetWaitingMessagesRequest.h">
      <Filter>Request</Filter>
    </ClInclude>
    <ClInclude Include="SendMessageRequest.h">
      <Filter>Request</Filter>
    </ClInclude>
    <ClInclude Include="SendTextMessageRequest.h">
      <Filter>Request</Filter>
    </ClInclude>
    <ClInclude Include="RequestSymetricKeyRequest.h">
      <Filter>Request</Filter>
    </ClInclude>
    <ClInclude Include="SendSymetricKeyRequest.h">
      <Filter>Request</Filter>
    </ClInclude>
  </ItemGroup>
</Project>